
Microsoft Visual Studio Solution File, Format Version 12.00
# Visual Studio Version 16
VisualStudioVersion = 16.0.30711.63
MinimumVisualStudioVersion = 10.0.40219.1
Project("{9A19103F-16F7-4668-BE54-9A1E7A4F7556}") = "COVIDMonitoringSystem", "COVIDMonitoringSystem.csproj", "{673DE2E4-1D10-4352-9381-5D07573BD851}"
EndProject
Global
	GlobalSection(SolutionConfigurationPlatforms) = preSolution
		Debug|Any CPU = Debug|Any CPU
		Release|Any CPU = Release|Any CPU
	EndGlobalSection
	GlobalSection(ProjectConfigurationPlatforms) = postSolution
		{673DE2E4-1D10-4352-9381-5D07573BD851}.Debug|Any CPU.ActiveCfg = Debug|Any CPU
		{673DE2E4-1D10-4352-9381-5D07573BD851}.Debug|Any CPU.Build.0 = Debug|Any CPU
		{673DE2E4-1D10-4352-9381-5D07573BD851}.Release|Any CPU.ActiveCfg = Release|Any CPU
		{673DE2E4-1D10-4352-9381-5D07573BD851}.Release|Any CPU.Build.0 = Release|Any CPU
	EndGlobalSection
	GlobalSection(SolutionProperties) = preSolution
		HideSolutionNode = FALSE
	EndGlobalSection
	GlobalSection(ExtensibilityGlobals) = postSolution
		SolutionGuid = {299EE6C8-8060-4A5C-A835-5421F9A83C74}
	EndGlobalSection
EndGlobal
